// !$*UTF8*$!
{
	archiveVersion = 1;
	classes = {
	};
	objectVersion = 50;
	objects = {

/* Begin PBXBuildFile section */
		2A03914A25BCEBF100152649 /* FetchableValueTests.swift in Sources */ = {isa = PBXBuildFile; fileRef = 2A03914925BCEBF100152649 /* FetchableValueTests.swift */; };
		2A03915925BCF0FA00152649 /* User.json in Resources */ = {isa = PBXBuildFile; fileRef = 2A03915625BCF0F900152649 /* User.json */; };
		2A03915A25BCF0FA00152649 /* PartialUser.json in Resources */ = {isa = PBXBuildFile; fileRef = 2A03915725BCF0F900152649 /* PartialUser.json */; };
		2A03915B25BCF0FA00152649 /* Repository.json in Resources */ = {isa = PBXBuildFile; fileRef = 2A03915825BCF0FA00152649 /* Repository.json */; };
		2A03916C25BCF44B00152649 /* UserTests.swift in Sources */ = {isa = PBXBuildFile; fileRef = 2A03916B25BCF44B00152649 /* UserTests.swift */; };
		2A03917A25BD0C9F00152649 /* Helpers.swift in Sources */ = {isa = PBXBuildFile; fileRef = 2A03917925BD0C9F00152649 /* Helpers.swift */; };
		2A03917F25BD0EE600152649 /* RepositoryTest.swift in Sources */ = {isa = PBXBuildFile; fileRef = 2A03917E25BD0EE600152649 /* RepositoryTest.swift */; };
		2A0F064325C0486B00D47A0F /* FileSystemCacheControllerTests.swift in Sources */ = {isa = PBXBuildFile; fileRef = 2A0F064225C0486B00D47A0F /* FileSystemCacheControllerTests.swift */; };
		2A0F065425C04D0A00D47A0F /* FileSystemCacheControllerGitHubDirectoryTests.swift in Sources */ = {isa = PBXBuildFile; fileRef = 2A0F065325C04D0A00D47A0F /* FileSystemCacheControllerGitHubDirectoryTests.swift */; };
		2A0F072525C087F100D47A0F /* CachingControllerCackingPolicyTests.swift in Sources */ = {isa = PBXBuildFile; fileRef = 2A0F072425C087F100D47A0F /* CachingControllerCackingPolicyTests.swift */; };
		2A273DDF25BDD9B4003FE8DD /* NetworkController.swift in Sources */ = {isa = PBXBuildFile; fileRef = 2A273DDE25BDD9B4003FE8DD /* NetworkController.swift */; };
		2A273DE625BDDAA3003FE8DD /* CachingController.swift in Sources */ = {isa = PBXBuildFile; fileRef = 2A273DE525BDDAA3003FE8DD /* CachingController.swift */; };
		2A273DF325BDE3EC003FE8DD /* FileSystemCacheController.swift in Sources */ = {isa = PBXBuildFile; fileRef = 2A273DF225BDE3EC003FE8DD /* FileSystemCacheController.swift */; };
		2A4E44AE25BBC9A7009BB297 /* ModelTypes.swift in Sources */ = {isa = PBXBuildFile; fileRef = 2A4E44AD25BBC9A7009BB297 /* ModelTypes.swift */; };
		2A58620F25BAF44C00AEF183 /* AppDelegate.swift in Sources */ = {isa = PBXBuildFile; fileRef = 2A58620E25BAF44C00AEF183 /* AppDelegate.swift */; };
		2A58621125BAF44C00AEF183 /* SceneDelegate.swift in Sources */ = {isa = PBXBuildFile; fileRef = 2A58621025BAF44C00AEF183 /* SceneDelegate.swift */; };
		2A58621325BAF44C00AEF183 /* ViewController.swift in Sources */ = {isa = PBXBuildFile; fileRef = 2A58621225BAF44C00AEF183 /* ViewController.swift */; };
		2A58621625BAF44C00AEF183 /* Main.storyboard in Resources */ = {isa = PBXBuildFile; fileRef = 2A58621425BAF44C00AEF183 /* Main.storyboard */; };
		2A58621825BAF44C00AEF183 /* Assets.xcassets in Resources */ = {isa = PBXBuildFile; fileRef = 2A58621725BAF44C00AEF183 /* Assets.xcassets */; };
		2A58621B25BAF44D00AEF183 /* LaunchScreen.storyboard in Resources */ = {isa = PBXBuildFile; fileRef = 2A58621925BAF44D00AEF183 /* LaunchScreen.storyboard */; };
		2A58622625BAF44D00AEF183 /* URLTests.swift in Sources */ = {isa = PBXBuildFile; fileRef = 2A58622525BAF44D00AEF183 /* URLTests.swift */; };
		2A58623125BAF44D00AEF183 /* GitreposUITests.swift in Sources */ = {isa = PBXBuildFile; fileRef = 2A58623025BAF44D00AEF183 /* GitreposUITests.swift */; };
		2A58624325BAF5F300AEF183 /* User.swift in Sources */ = {isa = PBXBuildFile; fileRef = 2A58624225BAF5F300AEF183 /* User.swift */; };
		2A58624B25BAF60900AEF183 /* Repository.swift in Sources */ = {isa = PBXBuildFile; fileRef = 2A58624A25BAF60900AEF183 /* Repository.swift */; };
		2AB9C4D225BC379100F0A936 /* Decoding.swift in Sources */ = {isa = PBXBuildFile; fileRef = 2AB9C4D125BC379100F0A936 /* Decoding.swift */; };
/* End PBXBuildFile section */

/* Begin PBXContainerItemProxy section */
		2A58622225BAF44D00AEF183 /* PBXContainerItemProxy */ = {
			isa = PBXContainerItemProxy;
			containerPortal = 2A58620325BAF44C00AEF183 /* Project object */;
			proxyType = 1;
			remoteGlobalIDString = 2A58620A25BAF44C00AEF183;
			remoteInfo = Gitrepos;
		};
		2A58622D25BAF44D00AEF183 /* PBXContainerItemProxy */ = {
			isa = PBXContainerItemProxy;
			containerPortal = 2A58620325BAF44C00AEF183 /* Project object */;
			proxyType = 1;
			remoteGlobalIDString = 2A58620A25BAF44C00AEF183;
			remoteInfo = Gitrepos;
		};
/* End PBXContainerItemProxy section */

/* Begin PBXFileReference section */
		2A03914925BCEBF100152649 /* FetchableValueTests.swift */ = {isa = PBXFileReference; lastKnownFileType = sourcecode.swift; path = FetchableValueTests.swift; sourceTree = "<group>"; };
		2A03915625BCF0F900152649 /* User.json */ = {isa = PBXFileReference; fileEncoding = 4; lastKnownFileType = text.json; path = User.json; sourceTree = "<group>"; };
		2A03915725BCF0F900152649 /* PartialUser.json */ = {isa = PBXFileReference; fileEncoding = 4; lastKnownFileType = text.json; path = PartialUser.json; sourceTree = "<group>"; };
		2A03915825BCF0FA00152649 /* Repository.json */ = {isa = PBXFileReference; fileEncoding = 4; lastKnownFileType = text.json; path = Repository.json; sourceTree = "<group>"; };
		2A03916B25BCF44B00152649 /* UserTests.swift */ = {isa = PBXFileReference; lastKnownFileType = sourcecode.swift; path = UserTests.swift; sourceTree = "<group>"; };
		2A03917925BD0C9F00152649 /* Helpers.swift */ = {isa = PBXFileReference; lastKnownFileType = sourcecode.swift; path = Helpers.swift; sourceTree = "<group>"; };
		2A03917E25BD0EE600152649 /* RepositoryTest.swift */ = {isa = PBXFileReference; lastKnownFileType = sourcecode.swift; path = RepositoryTest.swift; sourceTree = "<group>"; };
		2A0F064225C0486B00D47A0F /* FileSystemCacheControllerTests.swift */ = {isa = PBXFileReference; lastKnownFileType = sourcecode.swift; path = FileSystemCacheControllerTests.swift; sourceTree = "<group>"; };
		2A0F065325C04D0A00D47A0F /* FileSystemCacheControllerGitHubDirectoryTests.swift */ = {isa = PBXFileReference; lastKnownFileType = sourcecode.swift; path = FileSystemCacheControllerGitHubDirectoryTests.swift; sourceTree = "<group>"; };
		2A0F072425C087F100D47A0F /* CachingControllerCackingPolicyTests.swift */ = {isa = PBXFileReference; lastKnownFileType = sourcecode.swift; path = CachingControllerCackingPolicyTests.swift; sourceTree = "<group>"; };
		2A273DDE25BDD9B4003FE8DD /* NetworkController.swift */ = {isa = PBXFileReference; lastKnownFileType = sourcecode.swift; path = NetworkController.swift; sourceTree = "<group>"; };
		2A273DE525BDDAA3003FE8DD /* CachingController.swift */ = {isa = PBXFileReference; lastKnownFileType = sourcecode.swift; path = CachingController.swift; sourceTree = "<group>"; };
		2A273DF225BDE3EC003FE8DD /* FileSystemCacheController.swift */ = {isa = PBXFileReference; lastKnownFileType = sourcecode.swift; name = FileSystemCacheController.swift; path = ../../../../../../../FileSystemCacheController.swift; sourceTree = "<group>"; };
		2A4E44AD25BBC9A7009BB297 /* ModelTypes.swift */ = {isa = PBXFileReference; lastKnownFileType = sourcecode.swift; path = ModelTypes.swift; sourceTree = "<group>"; };
		2A58620B25BAF44C00AEF183 /* Gitrepos.app */ = {isa = PBXFileReference; explicitFileType = wrapper.application; includeInIndex = 0; path = Gitrepos.app; sourceTree = BUILT_PRODUCTS_DIR; };
		2A58620E25BAF44C00AEF183 /* AppDelegate.swift */ = {isa = PBXFileReference; lastKnownFileType = sourcecode.swift; path = AppDelegate.swift; sourceTree = "<group>"; };
		2A58621025BAF44C00AEF183 /* SceneDelegate.swift */ = {isa = PBXFileReference; lastKnownFileType = sourcecode.swift; path = SceneDelegate.swift; sourceTree = "<group>"; };
		2A58621225BAF44C00AEF183 /* ViewController.swift */ = {isa = PBXFileReference; lastKnownFileType = sourcecode.swift; path = ViewController.swift; sourceTree = "<group>"; };
		2A58621525BAF44C00AEF183 /* Base */ = {isa = PBXFileReference; lastKnownFileType = file.storyboard; name = Base; path = Base.lproj/Main.storyboard; sourceTree = "<group>"; };
		2A58621725BAF44C00AEF183 /* Assets.xcassets */ = {isa = PBXFileReference; lastKnownFileType = folder.assetcatalog; path = Assets.xcassets; sourceTree = "<group>"; };
		2A58621A25BAF44D00AEF183 /* Base */ = {isa = PBXFileReference; lastKnownFileType = file.storyboard; name = Base; path = Base.lproj/LaunchScreen.storyboard; sourceTree = "<group>"; };
		2A58621C25BAF44D00AEF183 /* Info.plist */ = {isa = PBXFileReference; lastKnownFileType = text.plist.xml; path = Info.plist; sourceTree = "<group>"; };
		2A58622125BAF44D00AEF183 /* GitreposTests.xctest */ = {isa = PBXFileReference; explicitFileType = wrapper.cfbundle; includeInIndex = 0; path = GitreposTests.xctest; sourceTree = BUILT_PRODUCTS_DIR; };
		2A58622525BAF44D00AEF183 /* URLTests.swift */ = {isa = PBXFileReference; lastKnownFileType = sourcecode.swift; path = URLTests.swift; sourceTree = "<group>"; };
		2A58622725BAF44D00AEF183 /* Info.plist */ = {isa = PBXFileReference; lastKnownFileType = text.plist.xml; path = Info.plist; sourceTree = "<group>"; };
		2A58622C25BAF44D00AEF183 /* GitreposUITests.xctest */ = {isa = PBXFileReference; explicitFileType = wrapper.cfbundle; includeInIndex = 0; path = GitreposUITests.xctest; sourceTree = BUILT_PRODUCTS_DIR; };
		2A58623025BAF44D00AEF183 /* GitreposUITests.swift */ = {isa = PBXFileReference; lastKnownFileType = sourcecode.swift; path = GitreposUITests.swift; sourceTree = "<group>"; };
		2A58623225BAF44D00AEF183 /* Info.plist */ = {isa = PBXFileReference; lastKnownFileType = text.plist.xml; path = Info.plist; sourceTree = "<group>"; };
		2A58624225BAF5F300AEF183 /* User.swift */ = {isa = PBXFileReference; lastKnownFileType = sourcecode.swift; path = User.swift; sourceTree = "<group>"; };
		2A58624A25BAF60900AEF183 /* Repository.swift */ = {isa = PBXFileReference; lastKnownFileType = sourcecode.swift; path = Repository.swift; sourceTree = "<group>"; };
		2AB9C4D125BC379100F0A936 /* Decoding.swift */ = {isa = PBXFileReference; lastKnownFileType = sourcecode.swift; path = Decoding.swift; sourceTree = "<group>"; };
/* End PBXFileReference section */

/* Begin PBXFrameworksBuildPhase section */
		2A58620825BAF44C00AEF183 /* Frameworks */ = {
			isa = PBXFrameworksBuildPhase;
			buildActionMask = 2147483647;
			files = (
			);
			runOnlyForDeploymentPostprocessing = 0;
		};
		2A58621E25BAF44D00AEF183 /* Frameworks */ = {
			isa = PBXFrameworksBuildPhase;
			buildActionMask = 2147483647;
			files = (
			);
			runOnlyForDeploymentPostprocessing = 0;
		};
		2A58622925BAF44D00AEF183 /* Frameworks */ = {
			isa = PBXFrameworksBuildPhase;
			buildActionMask = 2147483647;
			files = (
			);
			runOnlyForDeploymentPostprocessing = 0;
		};
/* End PBXFrameworksBuildPhase section */

/* Begin PBXGroup section */
		2A03915525BCF0E900152649 /* Mocks */ = {
			isa = PBXGroup;
			children = (
				2A03915725BCF0F900152649 /* PartialUser.json */,
				2A03915825BCF0FA00152649 /* Repository.json */,
				2A03915625BCF0F900152649 /* User.json */,
			);
			path = Mocks;
			sourceTree = "<group>";
		};
		2A0F063A25C0478900D47A0F /* Model types */ = {
			isa = PBXGroup;
			children = (
				2A03914925BCEBF100152649 /* FetchableValueTests.swift */,
				2A03917E25BD0EE600152649 /* RepositoryTest.swift */,
				2A58622525BAF44D00AEF183 /* URLTests.swift */,
				2A03916B25BCF44B00152649 /* UserTests.swift */,
			);
			path = "Model types";
			sourceTree = "<group>";
		};
		2A0F064125C047D300D47A0F /* Model Controllers */ = {
			isa = PBXGroup;
			children = (
				2A0F064225C0486B00D47A0F /* FileSystemCacheControllerTests.swift */,
				2A0F065325C04D0A00D47A0F /* FileSystemCacheControllerGitHubDirectoryTests.swift */,
				2A0F072425C087F100D47A0F /* CachingControllerCackingPolicyTests.swift */,
			);
			path = "Model Controllers";
			sourceTree = "<group>";
		};
		2A273DC325BDD757003FE8DD /* Storyboards */ = {
			isa = PBXGroup;
			children = (
				2A58621925BAF44D00AEF183 /* LaunchScreen.storyboard */,
				2A58621425BAF44C00AEF183 /* Main.storyboard */,
			);
			path = Storyboards;
			sourceTree = "<group>";
		};
		2A273DC425BDD76D003FE8DD /* Resources */ = {
			isa = PBXGroup;
			children = (
				2A273DD925BDD7E9003FE8DD /* Assets */,
			);
			path = Resources;
			sourceTree = "<group>";
		};
		2A273DC525BDD777003FE8DD /* Supporting Files */ = {
			isa = PBXGroup;
			children = (
				2A58621C25BAF44D00AEF183 /* Info.plist */,
			);
			path = "Supporting Files";
			sourceTree = "<group>";
		};
		2A273DC625BDD797003FE8DD /* View Cotrollers */ = {
			isa = PBXGroup;
			children = (
				2A58621225BAF44C00AEF183 /* ViewController.swift */,
			);
			path = "View Cotrollers";
			sourceTree = "<group>";
		};
		2A273DD925BDD7E9003FE8DD /* Assets */ = {
			isa = PBXGroup;
			children = (
				2A58621725BAF44C00AEF183 /* Assets.xcassets */,
			);
			path = Assets;
			sourceTree = "<group>";
		};
		2A273DDA25BDD7FD003FE8DD /* Application Delegate */ = {
			isa = PBXGroup;
			children = (
				2A58620E25BAF44C00AEF183 /* AppDelegate.swift */,
				2A58621025BAF44C00AEF183 /* SceneDelegate.swift */,
			);
			path = "Application Delegate";
			sourceTree = "<group>";
		};
		2A273DE325BDDA1D003FE8DD /* Model Controllers */ = {
			isa = PBXGroup;
			children = (
				2A273DF125BDE3D9003FE8DD /* Persistence */,
				2A273DE425BDDA90003FE8DD /* Caching */,
				2A273DED25BDE3CC003FE8DD /* Network */,
			);
			path = "Model Controllers";
			sourceTree = "<group>";
		};
		2A273DE425BDDA90003FE8DD /* Caching */ = {
			isa = PBXGroup;
			children = (
				2A273DE525BDDAA3003FE8DD /* CachingController.swift */,
			);
			path = Caching;
			sourceTree = "<group>";
		};
		2A273DED25BDE3CC003FE8DD /* Network */ = {
			isa = PBXGroup;
			children = (
				2A273DDE25BDD9B4003FE8DD /* NetworkController.swift */,
			);
			path = Network;
			sourceTree = "<group>";
		};
		2A273DF125BDE3D9003FE8DD /* Persistence */ = {
			isa = PBXGroup;
			children = (
				2A273DF225BDE3EC003FE8DD /* FileSystemCacheController.swift */,
			);
			path = Persistence;
			sourceTree = "<group>";
		};
		2A58620225BAF44C00AEF183 = {
			isa = PBXGroup;
			children = (
				2A58620D25BAF44C00AEF183 /* Gitrepos */,
				2A58622425BAF44D00AEF183 /* GitreposTests */,
				2A58622F25BAF44D00AEF183 /* GitreposUITests */,
				2A58620C25BAF44C00AEF183 /* Products */,
			);
			sourceTree = "<group>";
		};
		2A58620C25BAF44C00AEF183 /* Products */ = {
			isa = PBXGroup;
			children = (
				2A58620B25BAF44C00AEF183 /* Gitrepos.app */,
				2A58622125BAF44D00AEF183 /* GitreposTests.xctest */,
				2A58622C25BAF44D00AEF183 /* GitreposUITests.xctest */,
			);
			name = Products;
			sourceTree = "<group>";
		};
		2A58620D25BAF44C00AEF183 /* Gitrepos */ = {
			isa = PBXGroup;
			children = (
				2A273DDA25BDD7FD003FE8DD /* Application Delegate */,
				2A273DE325BDDA1D003FE8DD /* Model Controllers */,
				2A58624125BAF5E500AEF183 /* Model types */,
				2A273DC425BDD76D003FE8DD /* Resources */,
				2A273DC325BDD757003FE8DD /* Storyboards */,
				2A273DC525BDD777003FE8DD /* Supporting Files */,
				2A273DC625BDD797003FE8DD /* View Cotrollers */,
			);
			path = Gitrepos;
			sourceTree = "<group>";
		};
		2A58622425BAF44D00AEF183 /* GitreposTests */ = {
			isa = PBXGroup;
			children = (
				2A0F064125C047D300D47A0F /* Model Controllers */,
				2A0F063A25C0478900D47A0F /* Model types */,
				2A03915525BCF0E900152649 /* Mocks */,
				2A03917925BD0C9F00152649 /* Helpers.swift */,
				2A58622725BAF44D00AEF183 /* Info.plist */,
			);
			path = GitreposTests;
			sourceTree = "<group>";
		};
		2A58622F25BAF44D00AEF183 /* GitreposUITests */ = {
			isa = PBXGroup;
			children = (
				2A58623025BAF44D00AEF183 /* GitreposUITests.swift */,
				2A58623225BAF44D00AEF183 /* Info.plist */,
			);
			path = GitreposUITests;
			sourceTree = "<group>";
		};
		2A58624125BAF5E500AEF183 /* Model types */ = {
			isa = PBXGroup;
			children = (
				2A58624225BAF5F300AEF183 /* User.swift */,
				2A58624A25BAF60900AEF183 /* Repository.swift */,
				2A4E44AD25BBC9A7009BB297 /* ModelTypes.swift */,
				2AB9C4D125BC379100F0A936 /* Decoding.swift */,
			);
			path = "Model types";
			sourceTree = "<group>";
		};
/* End PBXGroup section */

/* Begin PBXNativeTarget section */
		2A58620A25BAF44C00AEF183 /* Gitrepos */ = {
			isa = PBXNativeTarget;
			buildConfigurationList = 2A58623525BAF44D00AEF183 /* Build configuration list for PBXNativeTarget "Gitrepos" */;
			buildPhases = (
				2A58620725BAF44C00AEF183 /* Sources */,
				2A58620825BAF44C00AEF183 /* Frameworks */,
				2A58620925BAF44C00AEF183 /* Resources */,
			);
			buildRules = (
			);
			dependencies = (
			);
			name = Gitrepos;
			productName = Gitrepos;
			productReference = 2A58620B25BAF44C00AEF183 /* Gitrepos.app */;
			productType = "com.apple.product-type.application";
		};
		2A58622025BAF44D00AEF183 /* GitreposTests */ = {
			isa = PBXNativeTarget;
			buildConfigurationList = 2A58623825BAF44D00AEF183 /* Build configuration list for PBXNativeTarget "GitreposTests" */;
			buildPhases = (
				2A58621D25BAF44D00AEF183 /* Sources */,
				2A58621E25BAF44D00AEF183 /* Frameworks */,
				2A58621F25BAF44D00AEF183 /* Resources */,
			);
			buildRules = (
			);
			dependencies = (
				2A58622325BAF44D00AEF183 /* PBXTargetDependency */,
			);
			name = GitreposTests;
			productName = GitreposTests;
			productReference = 2A58622125BAF44D00AEF183 /* GitreposTests.xctest */;
			productType = "com.apple.product-type.bundle.unit-test";
		};
		2A58622B25BAF44D00AEF183 /* GitreposUITests */ = {
			isa = PBXNativeTarget;
			buildConfigurationList = 2A58623B25BAF44D00AEF183 /* Build configuration list for PBXNativeTarget "GitreposUITests" */;
			buildPhases = (
				2A58622825BAF44D00AEF183 /* Sources */,
				2A58622925BAF44D00AEF183 /* Frameworks */,
				2A58622A25BAF44D00AEF183 /* Resources */,
			);
			buildRules = (
			);
			dependencies = (
				2A58622E25BAF44D00AEF183 /* PBXTargetDependency */,
			);
			name = GitreposUITests;
			productName = GitreposUITests;
			productReference = 2A58622C25BAF44D00AEF183 /* GitreposUITests.xctest */;
			productType = "com.apple.product-type.bundle.ui-testing";
		};
/* End PBXNativeTarget section */

/* Begin PBXProject section */
		2A58620325BAF44C00AEF183 /* Project object */ = {
			isa = PBXProject;
			attributes = {
				LastSwiftUpdateCheck = 1210;
				LastUpgradeCheck = 1210;
				ORGANIZATIONNAME = "Swift En Profundidad";
				TargetAttributes = {
					2A58620A25BAF44C00AEF183 = {
						CreatedOnToolsVersion = 12.1;
					};
					2A58622025BAF44D00AEF183 = {
						CreatedOnToolsVersion = 12.1;
						TestTargetID = 2A58620A25BAF44C00AEF183;
					};
					2A58622B25BAF44D00AEF183 = {
						CreatedOnToolsVersion = 12.1;
						TestTargetID = 2A58620A25BAF44C00AEF183;
					};
				};
			};
			buildConfigurationList = 2A58620625BAF44C00AEF183 /* Build configuration list for PBXProject "Gitrepos" */;
			compatibilityVersion = "Xcode 9.3";
			developmentRegion = en;
			hasScannedForEncodings = 0;
			knownRegions = (
				en,
				Base,
			);
			mainGroup = 2A58620225BAF44C00AEF183;
			productRefGroup = 2A58620C25BAF44C00AEF183 /* Products */;
			projectDirPath = "";
			projectRoot = "";
			targets = (
				2A58620A25BAF44C00AEF183 /* Gitrepos */,
				2A58622025BAF44D00AEF183 /* GitreposTests */,
				2A58622B25BAF44D00AEF183 /* GitreposUITests */,
			);
		};
/* End PBXProject section */

/* Begin PBXResourcesBuildPhase section */
		2A58620925BAF44C00AEF183 /* Resources */ = {
			isa = PBXResourcesBuildPhase;
			buildActionMask = 2147483647;
			files = (
				2A58621B25BAF44D00AEF183 /* LaunchScreen.storyboard in Resources */,
				2A58621825BAF44C00AEF183 /* Assets.xcassets in Resources */,
				2A58621625BAF44C00AEF183 /* Main.storyboard in Resources */,
			);
			runOnlyForDeploymentPostprocessing = 0;
		};
		2A58621F25BAF44D00AEF183 /* Resources */ = {
			isa = PBXResourcesBuildPhase;
			buildActionMask = 2147483647;
			files = (
				2A03915A25BCF0FA00152649 /* PartialUser.json in Resources */,
				2A03915B25BCF0FA00152649 /* Repository.json in Resources */,
				2A03915925BCF0FA00152649 /* User.json in Resources */,
			);
			runOnlyForDeploymentPostprocessing = 0;
		};
		2A58622A25BAF44D00AEF183 /* Resources */ = {
			isa = PBXResourcesBuildPhase;
			buildActionMask = 2147483647;
			files = (
			);
			runOnlyForDeploymentPostprocessing = 0;
		};
/* End PBXResourcesBuildPhase section */

/* Begin PBXSourcesBuildPhase section */
		2A58620725BAF44C00AEF183 /* Sources */ = {
			isa = PBXSourcesBuildPhase;
			buildActionMask = 2147483647;
			files = (
				2A273DDF25BDD9B4003FE8DD /* NetworkController.swift in Sources */,
				2A58624325BAF5F300AEF183 /* User.swift in Sources */,
				2A58621325BAF44C00AEF183 /* ViewController.swift in Sources */,
				2A58624B25BAF60900AEF183 /* Repository.swift in Sources */,
				2A58620F25BAF44C00AEF183 /* AppDelegate.swift in Sources */,
				2A58621125BAF44C00AEF183 /* SceneDelegate.swift in Sources */,
				2A4E44AE25BBC9A7009BB297 /* ModelTypes.swift in Sources */,
				2A273DE625BDDAA3003FE8DD /* CachingController.swift in Sources */,
				2AB9C4D225BC379100F0A936 /* Decoding.swift in Sources */,
				2A273DF325BDE3EC003FE8DD /* FileSystemCacheController.swift in Sources */,
			);
			runOnlyForDeploymentPostprocessing = 0;
		};
		2A58621D25BAF44D00AEF183 /* Sources */ = {
			isa = PBXSourcesBuildPhase;
			buildActionMask = 2147483647;
			files = (
				2A03916C25BCF44B00152649 /* UserTests.swift in Sources */,
				2A03914A25BCEBF100152649 /* FetchableValueTests.swift in Sources */,
				2A58622625BAF44D00AEF183 /* URLTests.swift in Sources */,
				2A0F072525C087F100D47A0F /* CachingControllerCackingPolicyTests.swift in Sources */,
				2A0F065425C04D0A00D47A0F /* FileSystemCacheControllerGitHubDirectoryTests.swift in Sources */,
				2A03917F25BD0EE600152649 /* RepositoryTest.swift in Sources */,
				2A03917A25BD0C9F00152649 /* Helpers.swift in Sources */,
				2A0F064325C0486B00D47A0F /* FileSystemCacheControllerTests.swift in Sources */,
			);
			runOnlyForDeploymentPostprocessing = 0;
		};
		2A58622825BAF44D00AEF183 /* Sources */ = {
			isa = PBXSourcesBuildPhase;
			buildActionMask = 2147483647;
			files = (
				2A58623125BAF44D00AEF183 /* GitreposUITests.swift in Sources */,
			);
			runOnlyForDeploymentPostprocessing = 0;
		};
/* End PBXSourcesBuildPhase section */

/* Begin PBXTargetDependency section */
		2A58622325BAF44D00AEF183 /* PBXTargetDependency */ = {
			isa = PBXTargetDependency;
			target = 2A58620A25BAF44C00AEF183 /* Gitrepos */;
			targetProxy = 2A58622225BAF44D00AEF183 /* PBXContainerItemProxy */;
		};
		2A58622E25BAF44D00AEF183 /* PBXTargetDependency */ = {
			isa = PBXTargetDependency;
			target = 2A58620A25BAF44C00AEF183 /* Gitrepos */;
			targetProxy = 2A58622D25BAF44D00AEF183 /* PBXContainerItemProxy */;
		};
/* End PBXTargetDependency section */

/* Begin PBXVariantGroup section */
		2A58621425BAF44C00AEF183 /* Main.storyboard */ = {
			isa = PBXVariantGroup;
			children = (
				2A58621525BAF44C00AEF183 /* Base */,
			);
			name = Main.storyboard;
			sourceTree = "<group>";
		};
		2A58621925BAF44D00AEF183 /* LaunchScreen.storyboard */ = {
			isa = PBXVariantGroup;
			children = (
				2A58621A25BAF44D00AEF183 /* Base */,
			);
			name = LaunchScreen.storyboard;
			sourceTree = "<group>";
		};
/* End PBXVariantGroup section */

/* Begin XCBuildConfiguration section */
		2A58623325BAF44D00AEF183 /* Debug */ = {
			isa = XCBuildConfiguration;
			buildSettings = {
				ALWAYS_SEARCH_USER_PATHS = NO;
				CLANG_ANALYZER_NONNULL = YES;
				CLANG_ANALYZER_NUMBER_OBJECT_CONVERSION = YES_AGGRESSIVE;
				CLANG_CXX_LANGUAGE_STANDARD = "gnu++14";
				CLANG_CXX_LIBRARY = "libc++";
				CLANG_ENABLE_MODULES = YES;
				CLANG_ENABLE_OBJC_ARC = YES;
				CLANG_ENABLE_OBJC_WEAK = YES;
				CLANG_WARN_BLOCK_CAPTURE_AUTORELEASING = YES;
				CLANG_WARN_BOOL_CONVERSION = YES;
				CLANG_WARN_COMMA = YES;
				CLANG_WARN_CONSTANT_CONVERSION = YES;
				CLANG_WARN_DEPRECATED_OBJC_IMPLEMENTATIONS = YES;
				CLANG_WARN_DIRECT_OBJC_ISA_USAGE = YES_ERROR;
				CLANG_WARN_DOCUMENTATION_COMMENTS = YES;
				CLANG_WARN_EMPTY_BODY = YES;
				CLANG_WARN_ENUM_CONVERSION = YES;
				CLANG_WARN_INFINITE_RECURSION = YES;
				CLANG_WARN_INT_CONVERSION = YES;
				CLANG_WARN_NON_LITERAL_NULL_CONVERSION = YES;
				CLANG_WARN_OBJC_IMPLICIT_RETAIN_SELF = YES;
				CLANG_WARN_OBJC_LITERAL_CONVERSION = YES;
				CLANG_WARN_OBJC_ROOT_CLASS = YES_ERROR;
				CLANG_WARN_QUOTED_INCLUDE_IN_FRAMEWORK_HEADER = YES;
				CLANG_WARN_RANGE_LOOP_ANALYSIS = YES;
				CLANG_WARN_STRICT_PROTOTYPES = YES;
				CLANG_WARN_SUSPICIOUS_MOVE = YES;
				CLANG_WARN_UNGUARDED_AVAILABILITY = YES_AGGRESSIVE;
				CLANG_WARN_UNREACHABLE_CODE = YES;
				CLANG_WARN__DUPLICATE_METHOD_MATCH = YES;
				COPY_PHASE_STRIP = NO;
				DEBUG_INFORMATION_FORMAT = dwarf;
				ENABLE_STRICT_OBJC_MSGSEND = YES;
				ENABLE_TESTABILITY = YES;
				GCC_C_LANGUAGE_STANDARD = gnu11;
				GCC_DYNAMIC_NO_PIC = NO;
				GCC_NO_COMMON_BLOCKS = YES;
				GCC_OPTIMIZATION_LEVEL = 0;
				GCC_PREPROCESSOR_DEFINITIONS = (
					"DEBUG=1",
					"$(inherited)",
				);
				GCC_WARN_64_TO_32_BIT_CONVERSION = YES;
				GCC_WARN_ABOUT_RETURN_TYPE = YES_ERROR;
				GCC_WARN_UNDECLARED_SELECTOR = YES;
				GCC_WARN_UNINITIALIZED_AUTOS = YES_AGGRESSIVE;
				GCC_WARN_UNUSED_FUNCTION = YES;
				GCC_WARN_UNUSED_VARIABLE = YES;
				IPHONEOS_DEPLOYMENT_TARGET = 14.1;
				MTL_ENABLE_DEBUG_INFO = INCLUDE_SOURCE;
				MTL_FAST_MATH = YES;
				ONLY_ACTIVE_ARCH = YES;
				SDKROOT = iphoneos;
				SWIFT_ACTIVE_COMPILATION_CONDITIONS = DEBUG;
				SWIFT_OPTIMIZATION_LEVEL = "-Onone";
			};
			name = Debug;
		};
		2A58623425BAF44D00AEF183 /* Release */ = {
			isa = XCBuildConfiguration;
			buildSettings = {
				ALWAYS_SEARCH_USER_PATHS = NO;
				CLANG_ANALYZER_NONNULL = YES;
				CLANG_ANALYZER_NUMBER_OBJECT_CONVERSION = YES_AGGRESSIVE;
				CLANG_CXX_LANGUAGE_STANDARD = "gnu++14";
				CLANG_CXX_LIBRARY = "libc++";
				CLANG_ENABLE_MODULES = YES;
				CLANG_ENABLE_OBJC_ARC = YES;
				CLANG_ENABLE_OBJC_WEAK = YES;
				CLANG_WARN_BLOCK_CAPTURE_AUTORELEASING = YES;
				CLANG_WARN_BOOL_CONVERSION = YES;
				CLANG_WARN_COMMA = YES;
				CLANG_WARN_CONSTANT_CONVERSION = YES;
				CLANG_WARN_DEPRECATED_OBJC_IMPLEMENTATIONS = YES;
				CLANG_WARN_DIRECT_OBJC_ISA_USAGE = YES_ERROR;
				CLANG_WARN_DOCUMENTATION_COMMENTS = YES;
				CLANG_WARN_EMPTY_BODY = YES;
				CLANG_WARN_ENUM_CONVERSION = YES;
				CLANG_WARN_INFINITE_RECURSION = YES;
				CLANG_WARN_INT_CONVERSION = YES;
				CLANG_WARN_NON_LITERAL_NULL_CONVERSION = YES;
				CLANG_WARN_OBJC_IMPLICIT_RETAIN_SELF = YES;
				CLANG_WARN_OBJC_LITERAL_CONVERSION = YES;
				CLANG_WARN_OBJC_ROOT_CLASS = YES_ERROR;
				CLANG_WARN_QUOTED_INCLUDE_IN_FRAMEWORK_HEADER = YES;
				CLANG_WARN_RANGE_LOOP_ANALYSIS = YES;
				CLANG_WARN_STRICT_PROTOTYPES = YES;
				CLANG_WARN_SUSPICIOUS_MOVE = YES;
				CLANG_WARN_UNGUARDED_AVAILABILITY = YES_AGGRESSIVE;
				CLANG_WARN_UNREACHABLE_CODE = YES;
				CLANG_WARN__DUPLICATE_METHOD_MATCH = YES;
				COPY_PHASE_STRIP = NO;
				DEBUG_INFORMATION_FORMAT = "dwarf-with-dsym";
				ENABLE_NS_ASSERTIONS = NO;
				ENABLE_STRICT_OBJC_MSGSEND = YES;
				GCC_C_LANGUAGE_STANDARD = gnu11;
				GCC_NO_COMMON_BLOCKS = YES;
				GCC_WARN_64_TO_32_BIT_CONVERSION = YES;
				GCC_WARN_ABOUT_RETURN_TYPE = YES_ERROR;
				GCC_WARN_UNDECLARED_SELECTOR = YES;
				GCC_WARN_UNINITIALIZED_AUTOS = YES_AGGRESSIVE;
				GCC_WARN_UNUSED_FUNCTION = YES;
				GCC_WARN_UNUSED_VARIABLE = YES;
				IPHONEOS_DEPLOYMENT_TARGET = 14.1;
				MTL_ENABLE_DEBUG_INFO = NO;
				MTL_FAST_MATH = YES;
				SDKROOT = iphoneos;
				SWIFT_COMPILATION_MODE = wholemodule;
				SWIFT_OPTIMIZATION_LEVEL = "-O";
				VALIDATE_PRODUCT = YES;
			};
			name = Release;
		};
		2A58623625BAF44D00AEF183 /* Debug */ = {
			isa = XCBuildConfiguration;
			buildSettings = {
				ASSETCATALOG_COMPILER_APPICON_NAME = AppIcon;
				ASSETCATALOG_COMPILER_GLOBAL_ACCENT_COLOR_NAME = AccentColor;
				CODE_SIGN_STYLE = Automatic;
				DEVELOPMENT_TEAM = VS4VP3L839;
				INFOPLIST_FILE = "$(SRCROOT)/Gitrepos/Supporting Files/Info.plist";
				LD_RUNPATH_SEARCH_PATHS = (
					"$(inherited)",
					"@executable_path/Frameworks",
				);
				PRODUCT_BUNDLE_IDENTIFIER = es.swiftindepht.Gitrepos;
				PRODUCT_NAME = "$(TARGET_NAME)";
				SWIFT_VERSION = 5.0;
				TARGETED_DEVICE_FAMILY = "1,2";
			};
			name = Debug;
		};
		2A58623725BAF44D00AEF183 /* Release */ = {
			isa = XCBuildConfiguration;
			buildSettings = {
				ASSETCATALOG_COMPILER_APPICON_NAME = AppIcon;
				ASSETCATALOG_COMPILER_GLOBAL_ACCENT_COLOR_NAME = AccentColor;
				CODE_SIGN_STYLE = Automatic;
				DEVELOPMENT_TEAM = VS4VP3L839;
				INFOPLIST_FILE = "$(SRCROOT)/Gitrepos/Supporting Files/Info.plist";
				LD_RUNPATH_SEARCH_PATHS = (
					"$(inherited)",
					"@executable_path/Frameworks",
				);
				PRODUCT_BUNDLE_IDENTIFIER = es.swiftindepht.Gitrepos;
				PRODUCT_NAME = "$(TARGET_NAME)";
				SWIFT_VERSION = 5.0;
				TARGETED_DEVICE_FAMILY = "1,2";
			};
			name = Release;
		};
		2A58623925BAF44D00AEF183 /* Debug */ = {
			isa = XCBuildConfiguration;
			buildSettings = {
				ALWAYS_EMBED_SWIFT_STANDARD_LIBRARIES = YES;
				BUNDLE_LOADER = "$(TEST_HOST)";
				CODE_SIGN_STYLE = Automatic;
				DEVELOPMENT_TEAM = VS4VP3L839;
				INFOPLIST_FILE = GitreposTests/Info.plist;
				IPHONEOS_DEPLOYMENT_TARGET = 14.1;
				LD_RUNPATH_SEARCH_PATHS = (
					"$(inherited)",
					"@executable_path/Frameworks",
					"@loader_path/Frameworks",
				);
				PRODUCT_BUNDLE_IDENTIFIER = es.swiftindepht.GitreposTests;
				PRODUCT_NAME = "$(TARGET_NAME)";
				SWIFT_VERSION = 5.0;
				TARGETED_DEVICE_FAMILY = "1,2";
				TEST_HOST = "$(BUILT_PRODUCTS_DIR)/Gitrepos.app/Gitrepos";
			};
			name = Debug;
		};
		2A58623A25BAF44D00AEF183 /* Release */ = {
			isa = XCBuildConfiguration;
			buildSettings = {
				ALWAYS_EMBED_SWIFT_STANDARD_LIBRARIES = YES;
				BUNDLE_LOADER = "$(TEST_HOST)";
				CODE_SIGN_STYLE = Automatic;
				DEVELOPMENT_TEAM = VS4VP3L839;
				INFOPLIST_FILE = GitreposTests/Info.plist;
				IPHONEOS_DEPLOYMENT_TARGET = 14.1;
				LD_RUNPATH_SEARCH_PATHS = (
					"$(inherited)",
					"@executable_path/Frameworks",
					"@loader_path/Frameworks",
				);
				PRODUCT_BUNDLE_IDENTIFIER = es.swiftindepht.GitreposTests;
				PRODUCT_NAME = "$(TARGET_NAME)";
				SWIFT_VERSION = 5.0;
				TARGETED_DEVICE_FAMILY = "1,2";
				TEST_HOST = "$(BUILT_PRODUCTS_DIR)/Gitrepos.app/Gitrepos";
			};
			name = Release;
		};
		2A58623C25BAF44D00AEF183 /* Debug */ = {
			isa = XCBuildConfiguration;
			buildSettings = {
				ALWAYS_EMBED_SWIFT_STANDARD_LIBRARIES = YES;
				CODE_SIGN_STYLE = Automatic;
				DEVELOPMENT_TEAM = VS4VP3L839;
				INFOPLIST_FILE = GitreposUITests/Info.plist;
				LD_RUNPATH_SEARCH_PATHS = (
					"$(inherited)",
					"@executable_path/Frameworks",
					"@loader_path/Frameworks",
				);
				PRODUCT_BUNDLE_IDENTIFIER = es.swiftindepht.GitreposUITests;
				PRODUCT_NAME = "$(TARGET_NAME)";
				SWIFT_VERSION = 5.0;
				TARGETED_DEVICE_FAMILY = "1,2";
				TEST_TARGET_NAME = Gitrepos;
			};
			name = Debug;
		};
		2A58623D25BAF44D00AEF183 /* Release */ = {
			isa = XCBuildConfiguration;
			buildSettings = {
				ALWAYS_EMBED_SWIFT_STANDARD_LIBRARIES = YES;
				CODE_SIGN_STYLE = Automatic;
				DEVELOPMENT_TEAM = VS4VP3L839;
				INFOPLIST_FILE = GitreposUITests/Info.plist;
				LD_RUNPATH_SEARCH_PATHS = (
					"$(inherited)",
					"@executable_path/Frameworks",
					"@loader_path/Frameworks",
				);
				PRODUCT_BUNDLE_IDENTIFIER = es.swiftindepht.GitreposUITests;
				PRODUCT_NAME = "$(TARGET_NAME)";
				SWIFT_VERSION = 5.0;
				TARGETED_DEVICE_FAMILY = "1,2";
				TEST_TARGET_NAME = Gitrepos;
			};
			name = Release;
		};
/* End XCBuildConfiguration section */

/* Begin XCConfigurationList section */
		2A58620625BAF44C00AEF183 /* Build configuration list for PBXProject "Gitrepos" */ = {
			isa = XCConfigurationList;
			buildConfigurations = (
				2A58623325BAF44D00AEF183 /* Debug */,
				2A58623425BAF44D00AEF183 /* Release */,
			);
			defaultConfigurationIsVisible = 0;
			defaultConfigurationName = Release;
		};
		2A58623525BAF44D00AEF183 /* Build configuration list for PBXNativeTarget "Gitrepos" */ = {
			isa = XCConfigurationList;
			buildConfigurations = (
				2A58623625BAF44D00AEF183 /* Debug */,
				2A58623725BAF44D00AEF183 /* Release */,
			);
			defaultConfigurationIsVisible = 0;
			defaultConfigurationName = Release;
		};
		2A58623825BAF44D00AEF183 /* Build configuration list for PBXNativeTarget "GitreposTests" */ = {
			isa = XCConfigurationList;
			buildConfigurations = (
				2A58623925BAF44D00AEF183 /* Debug */,
				2A58623A25BAF44D00AEF183 /* Release */,
			);
			defaultConfigurationIsVisible = 0;
			defaultConfigurationName = Release;
		};
		2A58623B25BAF44D00AEF183 /* Build configuration list for PBXNativeTarget "GitreposUITests" */ = {
			isa = XCConfigurationList;
			buildConfigurations = (
				2A58623C25BAF44D00AEF183 /* Debug */,
				2A58623D25BAF44D00AEF183 /* Release */,
			);
			defaultConfigurationIsVisible = 0;
			defaultConfigurationName = Release;
		};
/* End XCConfigurationList section */
	};
	rootObject = 2A58620325BAF44C00AEF183 /* Project object */;
}
